// !$*UTF8*$!
{
	archiveVersion = 1;
	classes = {
	};
	objectVersion = 46;
	objects = {

/* Begin PBXBuildFile section */
		6501EB0D219F0B07001D4038 /* DDTableViewSectionGroupComponent.mm in Sources */ = {isa = PBXBuildFile; fileRef = 6501EB02219F0B06001D4038 /* DDTableViewSectionGroupComponent.mm */; };
		6501EB0E219F0B07001D4038 /* DDTableViewItemComponent.m in Sources */ = {isa = PBXBuildFile; fileRef = 6501EB03219F0B06001D4038 /* DDTableViewItemComponent.m */; };
		6501EB10219F0B07001D4038 /* DDTableViewSectionComponent.mm in Sources */ = {isa = PBXBuildFile; fileRef = 6501EB08219F0B06001D4038 /* DDTableViewSectionComponent.mm */; };
		6501EB11219F0B07001D4038 /* DDTableViewRootComponent.mm in Sources */ = {isa = PBXBuildFile; fileRef = 6501EB0B219F0B06001D4038 /* DDTableViewRootComponent.mm */; };
		6501EB1621A00D81001D4038 /* DDTableComponentDemoViewController.m in Sources */ = {isa = PBXBuildFile; fileRef = 6501EB1521A00D81001D4038 /* DDTableComponentDemoViewController.m */; };
		6501EB1921A00D9A001D4038 /* DDTableComponentCustomViewController.m in Sources */ = {isa = PBXBuildFile; fileRef = 6501EB1821A00D9A001D4038 /* DDTableComponentCustomViewController.m */; };
		6501EB1F21A00DD7001D4038 /* DDTableViewItemDemoComponent.m in Sources */ = {isa = PBXBuildFile; fileRef = 6501EB1E21A00DD7001D4038 /* DDTableViewItemDemoComponent.m */; };
		6501EB2221A00DF2001D4038 /* DDComponentDemoTableViewCell.m in Sources */ = {isa = PBXBuildFile; fileRef = 6501EB2121A00DF2001D4038 /* DDComponentDemoTableViewCell.m */; };
		6501EB2521A00E23001D4038 /* DDTableViewHeaderFooterSectionDemoComponent.m in Sources */ = {isa = PBXBuildFile; fileRef = 6501EB2421A00E23001D4038 /* DDTableViewHeaderFooterSectionDemoComponent.m */; };
		6501EB2921A04AC5001D4038 /* DDHeaderFooterView.m in Sources */ = {isa = PBXBuildFile; fileRef = 6501EB2821A04AC5001D4038 /* DDHeaderFooterView.m */; };
		657016E31D97A8EA0096EC69 /* DDComponent.framework in Frameworks */ = {isa = PBXBuildFile; fileRef = 657016DC1D97A8E90096EC69 /* DDComponent.framework */; };
		657016E41D97A8EA0096EC69 /* DDComponent.framework in Embed Frameworks */ = {isa = PBXBuildFile; fileRef = 657016DC1D97A8E90096EC69 /* DDComponent.framework */; settings = {ATTRIBUTES = (CodeSignOnCopy, RemoveHeadersOnCopy, ); }; };
		6595F9B221A05CFB005FD773 /* DDTableViewStatusComponent.mm in Sources */ = {isa = PBXBuildFile; fileRef = 6595F9B121A05CFB005FD773 /* DDTableViewStatusComponent.mm */; };
		65C999281D68AF5D0019780A /* AppDelegate.swift in Sources */ = {isa = PBXBuildFile; fileRef = 65C999271D68AF5D0019780A /* AppDelegate.swift */; };
		65C9992D1D68AF5D0019780A /* Main.storyboard in Resources */ = {isa = PBXBuildFile; fileRef = 65C9992B1D68AF5D0019780A /* Main.storyboard */; };
		65C9992F1D68AF5D0019780A /* Assets.xcassets in Resources */ = {isa = PBXBuildFile; fileRef = 65C9992E1D68AF5D0019780A /* Assets.xcassets */; };
		65C999321D68AF5E0019780A /* LaunchScreen.storyboard in Resources */ = {isa = PBXBuildFile; fileRef = 65C999301D68AF5E0019780A /* LaunchScreen.storyboard */; };
		BE2B18ED21A2527600D07673 /* DDTableViewComponentHelper.m in Sources */ = {isa = PBXBuildFile; fileRef = BE2B18EC21A2527600D07673 /* DDTableViewComponentHelper.m */; };
		BE2B18F021A2892D00D07673 /* DDTableViewHeaderDemoComponent.m in Sources */ = {isa = PBXBuildFile; fileRef = BE2B18EF21A2892D00D07673 /* DDTableViewHeaderDemoComponent.m */; };
		BE2B18F321A2893A00D07673 /* DDTableViewFooterDemoComponent.m in Sources */ = {isa = PBXBuildFile; fileRef = BE2B18F221A2893A00D07673 /* DDTableViewFooterDemoComponent.m */; };
		BE52E71421A137F500A5E969 /* DDTableViewBaseComponent.mm in Sources */ = {isa = PBXBuildFile; fileRef = BE52E71321A137F500A5E969 /* DDTableViewBaseComponent.mm */; };
		BE60217C1EEFC30D007A0F0E /* DDCollectionViewComponent.h in Headers */ = {isa = PBXBuildFile; fileRef = BE6021661EEFC30D007A0F0E /* DDCollectionViewComponent.h */; settings = {ATTRIBUTES = (Public, ); }; };
		BE60217D1EEFC30D007A0F0E /* DDCollectionViewComponent.m in Sources */ = {isa = PBXBuildFile; fileRef = BE6021671EEFC30D007A0F0E /* DDCollectionViewComponent.m */; };
		BE60217E1EEFC30D007A0F0E /* DDCollectionViewItemComponent.h in Headers */ = {isa = PBXBuildFile; fileRef = BE6021681EEFC30D007A0F0E /* DDCollectionViewItemComponent.h */; settings = {ATTRIBUTES = (Public, ); }; };
		BE60217F1EEFC30D007A0F0E /* DDCollectionViewItemComponent.m in Sources */ = {isa = PBXBuildFile; fileRef = BE6021691EEFC30D007A0F0E /* DDCollectionViewItemComponent.m */; };
		BE6021801EEFC30D007A0F0E /* DDCollectionViewSectionComponent.h in Headers */ = {isa = PBXBuildFile; fileRef = BE60216A1EEFC30D007A0F0E /* DDCollectionViewSectionComponent.h */; settings = {ATTRIBUTES = (Public, ); }; };
		BE6021821EEFC30D007A0F0E /* DDCollectionViewSectionGroupComponent.h in Headers */ = {isa = PBXBuildFile; fileRef = BE60216C1EEFC30D007A0F0E /* DDCollectionViewSectionGroupComponent.h */; settings = {ATTRIBUTES = (Public, ); }; };
		BE6021841EEFC30D007A0F0E /* DDCollectionViewStatusComponent.h in Headers */ = {isa = PBXBuildFile; fileRef = BE60216E1EEFC30D007A0F0E /* DDCollectionViewStatusComponent.h */; settings = {ATTRIBUTES = (Public, ); }; };
		BE6021851EEFC30D007A0F0E /* DDCollectionViewStatusComponent.m in Sources */ = {isa = PBXBuildFile; fileRef = BE60216F1EEFC30D007A0F0E /* DDCollectionViewStatusComponent.m */; };
		BE6021861EEFC30D007A0F0E /* DDComponent.h in Headers */ = {isa = PBXBuildFile; fileRef = BE6021701EEFC30D007A0F0E /* DDComponent.h */; settings = {ATTRIBUTES = (Public, ); }; };
		BE6021921EEFC50D007A0F0E /* SimpleViewController.swift in Sources */ = {isa = PBXBuildFile; fileRef = BE6021911EEFC50D007A0F0E /* SimpleViewController.swift */; };
		BE6021961EEFC54A007A0F0E /* StatusViewController.swift in Sources */ = {isa = PBXBuildFile; fileRef = BE6021951EEFC54A007A0F0E /* StatusViewController.swift */; };
		BE6021981EEFC576007A0F0E /* HeaderFooterViewController.swift in Sources */ = {isa = PBXBuildFile; fileRef = BE6021971EEFC576007A0F0E /* HeaderFooterViewController.swift */; };
		BE60219A1EEFC5B1007A0F0E /* SectionsViewController.swift in Sources */ = {isa = PBXBuildFile; fileRef = BE6021991EEFC5B1007A0F0E /* SectionsViewController.swift */; };
		BE60219C1EEFC5DB007A0F0E /* HeaderStatusViewController.swift in Sources */ = {isa = PBXBuildFile; fileRef = BE60219B1EEFC5DB007A0F0E /* HeaderStatusViewController.swift */; };
		BE6021A01EEFC637007A0F0E /* HeaderComponent.swift in Sources */ = {isa = PBXBuildFile; fileRef = BE60219F1EEFC637007A0F0E /* HeaderComponent.swift */; };
		BE6021A41EEFC660007A0F0E /* StatusComponent.swift in Sources */ = {isa = PBXBuildFile; fileRef = BE6021A31EEFC660007A0F0E /* StatusComponent.swift */; };
		BE6021A61EEFC8D7007A0F0E /* RootCollectionViewController.swift in Sources */ = {isa = PBXBuildFile; fileRef = BE6021A51EEFC8D7007A0F0E /* RootCollectionViewController.swift */; };
		BE6021A91EEFCA97007A0F0E /* TitleCollectionViewCell.swift in Sources */ = {isa = PBXBuildFile; fileRef = BE6021A81EEFCA97007A0F0E /* TitleCollectionViewCell.swift */; };
		BE6021AB1EEFD950007A0F0E /* ImageCollectionViewCell.swift in Sources */ = {isa = PBXBuildFile; fileRef = BE6021AA1EEFD950007A0F0E /* ImageCollectionViewCell.swift */; };
		BE6021AD1EEFD99D007A0F0E /* TitlesComponent.swift in Sources */ = {isa = PBXBuildFile; fileRef = BE6021AC1EEFD99D007A0F0E /* TitlesComponent.swift */; };
		BE6021AF1EEFDA30007A0F0E /* ImagesComponent.swift in Sources */ = {isa = PBXBuildFile; fileRef = BE6021AE1EEFDA30007A0F0E /* ImagesComponent.swift */; };
		BE6021B11EEFDC67007A0F0E /* TextsComponent.swift in Sources */ = {isa = PBXBuildFile; fileRef = BE6021B01EEFDC67007A0F0E /* TextsComponent.swift */; };
		BE6021B31EEFEB1E007A0F0E /* TextCollectionReusableView.swift in Sources */ = {isa = PBXBuildFile; fileRef = BE6021B21EEFEB1E007A0F0E /* TextCollectionReusableView.swift */; };
		BE6021B51EEFEB59007A0F0E /* FooterComponent.swift in Sources */ = {isa = PBXBuildFile; fileRef = BE6021B41EEFEB59007A0F0E /* FooterComponent.swift */; };
		BE6021B81EEFFE1F007A0F0E /* TaobaoCollectionViewController.swift in Sources */ = {isa = PBXBuildFile; fileRef = BE6021B71EEFFE1F007A0F0E /* TaobaoCollectionViewController.swift */; };
		BE6021BA1EEFFFDA007A0F0E /* TaobaoBannerComponent.swift in Sources */ = {isa = PBXBuildFile; fileRef = BE6021B91EEFFFDA007A0F0E /* TaobaoBannerComponent.swift */; };
		BE6021BC1EEFFFE9007A0F0E /* TaobaoEntriesComponent.swift in Sources */ = {isa = PBXBuildFile; fileRef = BE6021BB1EEFFFE9007A0F0E /* TaobaoEntriesComponent.swift */; };
		BE6021BE1EEFFFFE007A0F0E /* TaobaoGoodsComponent.swift in Sources */ = {isa = PBXBuildFile; fileRef = BE6021BD1EEFFFFE007A0F0E /* TaobaoGoodsComponent.swift */; };
		BE6021C01EF00029007A0F0E /* TaobaoBanner.xib in Resources */ = {isa = PBXBuildFile; fileRef = BE6021BF1EF00029007A0F0E /* TaobaoBanner.xib */; };
		BE777A0F2109639700727B69 /* ObjcImagesComponent.m in Sources */ = {isa = PBXBuildFile; fileRef = BE777A0E2109639700727B69 /* ObjcImagesComponent.m */; };
		BE777A122109645F00727B69 /* ObjcImageCollectionViewCell.m in Sources */ = {isa = PBXBuildFile; fileRef = BE777A112109645F00727B69 /* ObjcImageCollectionViewCell.m */; };
		BE94B1821F0C7DD00032B713 /* DDCollectionComponent.h in Headers */ = {isa = PBXBuildFile; fileRef = BE94B1811F0C7DD00032B713 /* DDCollectionComponent.h */; settings = {ATTRIBUTES = (Public, ); }; };
		BE94B1841F0C7DDA0032B713 /* DDCollectionViewComponent+Cache.h in Headers */ = {isa = PBXBuildFile; fileRef = BE94B1831F0C7DDA0032B713 /* DDCollectionViewComponent+Cache.h */; settings = {ATTRIBUTES = (Public, ); }; };
		BE94B1861F0C7DE30032B713 /* DDCollectionViewSectionComponent.mm in Sources */ = {isa = PBXBuildFile; fileRef = BE94B1851F0C7DE30032B713 /* DDCollectionViewSectionComponent.mm */; };
		BE94B1881F0C7DE90032B713 /* DDCollectionViewSectionGroupComponent.mm in Sources */ = {isa = PBXBuildFile; fileRef = BE94B1871F0C7DE90032B713 /* DDCollectionViewSectionGroupComponent.mm */; };
		BE9B13FE1EF0FDFA009356BF /* TaobaoGoods0.xib in Resources */ = {isa = PBXBuildFile; fileRef = BE9B13FA1EF0FDFA009356BF /* TaobaoGoods0.xib */; };
		BE9B13FF1EF0FDFA009356BF /* TaobaoGoods1.xib in Resources */ = {isa = PBXBuildFile; fileRef = BE9B13FB1EF0FDFA009356BF /* TaobaoGoods1.xib */; };
		BE9B14001EF0FDFA009356BF /* TaobaoGoods2.xib in Resources */ = {isa = PBXBuildFile; fileRef = BE9B13FC1EF0FDFA009356BF /* TaobaoGoods2.xib */; };
		BE9B14011EF0FDFA009356BF /* TaobaoGoods3.xib in Resources */ = {isa = PBXBuildFile; fileRef = BE9B13FD1EF0FDFA009356BF /* TaobaoGoods3.xib */; };
/* End PBXBuildFile section */

/* Begin PBXContainerItemProxy section */
		657016E11D97A8EA0096EC69 /* PBXContainerItemProxy */ = {
			isa = PBXContainerItemProxy;
			containerPortal = 65C9991C1D68AF5D0019780A /* Project object */;
			proxyType = 1;
			remoteGlobalIDString = 657016DB1D97A8E90096EC69;
			remoteInfo = DDComponent;
		};
/* End PBXContainerItemProxy section */

/* Begin PBXCopyFilesBuildPhase section */
		657016E81D97A8EA0096EC69 /* Embed Frameworks */ = {
			isa = PBXCopyFilesBuildPhase;
			buildActionMask = 2147483647;
			dstPath = "";
			dstSubfolderSpec = 10;
			files = (
				657016E41D97A8EA0096EC69 /* DDComponent.framework in Embed Frameworks */,
			);
			name = "Embed Frameworks";
			runOnlyForDeploymentPostprocessing = 0;
		};
/* End PBXCopyFilesBuildPhase section */

/* Begin PBXFileReference section */
		6501EB00219F0B06001D4038 /* DDTableViewResponds.h */ = {isa = PBXFileReference; fileEncoding = 4; lastKnownFileType = sourcecode.c.h; path = DDTableViewResponds.h; sourceTree = "<group>"; };
		6501EB01219F0B06001D4038 /* DDTableViewSectionComponent.h */ = {isa = PBXFileReference; fileEncoding = 4; lastKnownFileType = sourcecode.c.h; path = DDTableViewSectionComponent.h; sourceTree = "<group>"; };
		6501EB02219F0B06001D4038 /* DDTableViewSectionGroupComponent.mm */ = {isa = PBXFileReference; fileEncoding = 4; lastKnownFileType = sourcecode.cpp.objcpp; path = DDTableViewSectionGroupComponent.mm; sourceTree = "<group>"; };
		6501EB03219F0B06001D4038 /* DDTableViewItemComponent.m */ = {isa = PBXFileReference; fileEncoding = 4; lastKnownFileType = sourcecode.c.objc; path = DDTableViewItemComponent.m; sourceTree = "<group>"; };
		6501EB04219F0B06001D4038 /* DDTableViewRootComponent.h */ = {isa = PBXFileReference; fileEncoding = 4; lastKnownFileType = sourcecode.c.h; path = DDTableViewRootComponent.h; sourceTree = "<group>"; };
		6501EB05219F0B06001D4038 /* DDTableViewComponentCache.h */ = {isa = PBXFileReference; fileEncoding = 4; lastKnownFileType = sourcecode.c.h; path = DDTableViewComponentCache.h; sourceTree = "<group>"; };
		6501EB06219F0B06001D4038 /* DDTableViewCompositeComponentProtocol.h */ = {isa = PBXFileReference; fileEncoding = 4; lastKnownFileType = sourcecode.c.h; path = DDTableViewCompositeComponentProtocol.h; sourceTree = "<group>"; };
		6501EB08219F0B06001D4038 /* DDTableViewSectionComponent.mm */ = {isa = PBXFileReference; fileEncoding = 4; lastKnownFileType = sourcecode.cpp.objcpp; path = DDTableViewSectionComponent.mm; sourceTree = "<group>"; };
		6501EB09219F0B06001D4038 /* DDTableViewItemComponent.h */ = {isa = PBXFileReference; fileEncoding = 4; lastKnownFileType = sourcecode.c.h; path = DDTableViewItemComponent.h; sourceTree = "<group>"; };
		6501EB0A219F0B06001D4038 /* DDTableViewSectionGroupComponent.h */ = {isa = PBXFileReference; fileEncoding = 4; lastKnownFileType = sourcecode.c.h; path = DDTableViewSectionGroupComponent.h; sourceTree = "<group>"; };
		6501EB0B219F0B06001D4038 /* DDTableViewRootComponent.mm */ = {isa = PBXFileReference; fileEncoding = 4; lastKnownFileType = sourcecode.cpp.objcpp; path = DDTableViewRootComponent.mm; sourceTree = "<group>"; };
		6501EB0C219F0B06001D4038 /* DDTableViewComponentProtocol.h */ = {isa = PBXFileReference; fileEncoding = 4; lastKnownFileType = sourcecode.c.h; path = DDTableViewComponentProtocol.h; sourceTree = "<group>"; };
		6501EB12219F1876001D4038 /* DDTableViewComponentMacros.h */ = {isa = PBXFileReference; lastKnownFileType = sourcecode.c.h; path = DDTableViewComponentMacros.h; sourceTree = "<group>"; };
		6501EB1421A00D81001D4038 /* DDTableComponentDemoViewController.h */ = {isa = PBXFileReference; lastKnownFileType = sourcecode.c.h; path = DDTableComponentDemoViewController.h; sourceTree = "<group>"; };
		6501EB1521A00D81001D4038 /* DDTableComponentDemoViewController.m */ = {isa = PBXFileReference; lastKnownFileType = sourcecode.c.objc; path = DDTableComponentDemoViewController.m; sourceTree = "<group>"; };
		6501EB1721A00D9A001D4038 /* DDTableComponentCustomViewController.h */ = {isa = PBXFileReference; lastKnownFileType = sourcecode.c.h; path = DDTableComponentCustomViewController.h; sourceTree = "<group>"; };
		6501EB1821A00D9A001D4038 /* DDTableComponentCustomViewController.m */ = {isa = PBXFileReference; lastKnownFileType = sourcecode.c.objc; path = DDTableComponentCustomViewController.m; sourceTree = "<group>"; };
		6501EB1D21A00DD7001D4038 /* DDTableViewItemDemoComponent.h */ = {isa = PBXFileReference; lastKnownFileType = sourcecode.c.h; path = DDTableViewItemDemoComponent.h; sourceTree = "<group>"; };
		6501EB1E21A00DD7001D4038 /* DDTableViewItemDemoComponent.m */ = {isa = PBXFileReference; lastKnownFileType = sourcecode.c.objc; path = DDTableViewItemDemoComponent.m; sourceTree = "<group>"; };
		6501EB2021A00DF2001D4038 /* DDComponentDemoTableViewCell.h */ = {isa = PBXFileReference; lastKnownFileType = sourcecode.c.h; path = DDComponentDemoTableViewCell.h; sourceTree = "<group>"; };
		6501EB2121A00DF2001D4038 /* DDComponentDemoTableViewCell.m */ = {isa = PBXFileReference; lastKnownFileType = sourcecode.c.objc; path = DDComponentDemoTableViewCell.m; sourceTree = "<group>"; };
		6501EB2321A00E23001D4038 /* DDTableViewHeaderFooterSectionDemoComponent.h */ = {isa = PBXFileReference; lastKnownFileType = sourcecode.c.h; path = DDTableViewHeaderFooterSectionDemoComponent.h; sourceTree = "<group>"; };
		6501EB2421A00E23001D4038 /* DDTableViewHeaderFooterSectionDemoComponent.m */ = {isa = PBXFileReference; lastKnownFileType = sourcecode.c.objc; path = DDTableViewHeaderFooterSectionDemoComponent.m; sourceTree = "<group>"; };
		6501EB2621A00F1F001D4038 /* DDTableViewComponent.h */ = {isa = PBXFileReference; lastKnownFileType = sourcecode.c.h; path = DDTableViewComponent.h; sourceTree = "<group>"; };
		6501EB2721A04AC5001D4038 /* DDHeaderFooterView.h */ = {isa = PBXFileReference; lastKnownFileType = sourcecode.c.h; path = DDHeaderFooterView.h; sourceTree = "<group>"; };
		6501EB2821A04AC5001D4038 /* DDHeaderFooterView.m */ = {isa = PBXFileReference; lastKnownFileType = sourcecode.c.objc; path = DDHeaderFooterView.m; sourceTree = "<group>"; };
		657016DC1D97A8E90096EC69 /* DDComponent.framework */ = {isa = PBXFileReference; explicitFileType = wrapper.framework; includeInIndex = 0; path = DDComponent.framework; sourceTree = BUILT_PRODUCTS_DIR; };
		657016DE1D97A8EA0096EC69 /* DDComponent.h */ = {isa = PBXFileReference; lastKnownFileType = sourcecode.c.h; path = DDComponent.h; sourceTree = "<group>"; };
		657016DF1D97A8EA0096EC69 /* Info.plist */ = {isa = PBXFileReference; lastKnownFileType = text.plist.xml; path = Info.plist; sourceTree = "<group>"; };
		6595F9B021A05CFB005FD773 /* DDTableViewStatusComponent.h */ = {isa = PBXFileReference; lastKnownFileType = sourcecode.c.h; path = DDTableViewStatusComponent.h; sourceTree = "<group>"; };
		6595F9B121A05CFB005FD773 /* DDTableViewStatusComponent.mm */ = {isa = PBXFileReference; lastKnownFileType = sourcecode.cpp.objcpp; path = DDTableViewStatusComponent.mm; sourceTree = "<group>"; };
		6595F9B321A062D3005FD773 /* DDTableViewComponentInternal.h */ = {isa = PBXFileReference; lastKnownFileType = sourcecode.c.h; path = DDTableViewComponentInternal.h; sourceTree = "<group>"; };
		65C999241D68AF5D0019780A /* Component.app */ = {isa = PBXFileReference; explicitFileType = wrapper.application; includeInIndex = 0; path = Component.app; sourceTree = BUILT_PRODUCTS_DIR; };
		65C999271D68AF5D0019780A /* AppDelegate.swift */ = {isa = PBXFileReference; lastKnownFileType = sourcecode.swift; path = AppDelegate.swift; sourceTree = "<group>"; };
		65C9992C1D68AF5D0019780A /* Base */ = {isa = PBXFileReference; lastKnownFileType = file.storyboard; name = Base; path = Base.lproj/Main.storyboard; sourceTree = "<group>"; };
		65C9992E1D68AF5D0019780A /* Assets.xcassets */ = {isa = PBXFileReference; lastKnownFileType = folder.assetcatalog; path = Assets.xcassets; sourceTree = "<group>"; };
		65C999311D68AF5E0019780A /* Base */ = {isa = PBXFileReference; lastKnownFileType = file.storyboard; name = Base; path = Base.lproj/LaunchScreen.storyboard; sourceTree = "<group>"; };
		65C999331D68AF5E0019780A /* Info.plist */ = {isa = PBXFileReference; lastKnownFileType = text.plist.xml; path = Info.plist; sourceTree = "<group>"; };
		BE2B18EB21A2527600D07673 /* DDTableViewComponentHelper.h */ = {isa = PBXFileReference; lastKnownFileType = sourcecode.c.h; path = DDTableViewComponentHelper.h; sourceTree = "<group>"; };
		BE2B18EC21A2527600D07673 /* DDTableViewComponentHelper.m */ = {isa = PBXFileReference; lastKnownFileType = sourcecode.c.objc; path = DDTableViewComponentHelper.m; sourceTree = "<group>"; };
		BE2B18EE21A2892D00D07673 /* DDTableViewHeaderDemoComponent.h */ = {isa = PBXFileReference; lastKnownFileType = sourcecode.c.h; path = DDTableViewHeaderDemoComponent.h; sourceTree = "<group>"; };
		BE2B18EF21A2892D00D07673 /* DDTableViewHeaderDemoComponent.m */ = {isa = PBXFileReference; lastKnownFileType = sourcecode.c.objc; path = DDTableViewHeaderDemoComponent.m; sourceTree = "<group>"; };
		BE2B18F121A2893A00D07673 /* DDTableViewFooterDemoComponent.h */ = {isa = PBXFileReference; lastKnownFileType = sourcecode.c.h; path = DDTableViewFooterDemoComponent.h; sourceTree = "<group>"; };
		BE2B18F221A2893A00D07673 /* DDTableViewFooterDemoComponent.m */ = {isa = PBXFileReference; lastKnownFileType = sourcecode.c.objc; path = DDTableViewFooterDemoComponent.m; sourceTree = "<group>"; };
		BE52E71221A137F500A5E969 /* DDTableViewBaseComponent.h */ = {isa = PBXFileReference; lastKnownFileType = sourcecode.c.h; path = DDTableViewBaseComponent.h; sourceTree = "<group>"; };
		BE52E71321A137F500A5E969 /* DDTableViewBaseComponent.mm */ = {isa = PBXFileReference; lastKnownFileType = sourcecode.cpp.objcpp; path = DDTableViewBaseComponent.mm; sourceTree = "<group>"; };
		BE6021651EEFC30D007A0F0E /* DDCollectionViewComponent+Private.h */ = {isa = PBXFileReference; fileEncoding = 4; lastKnownFileType = sourcecode.c.h; path = "DDCollectionViewComponent+Private.h"; sourceTree = "<group>"; };
		BE6021661EEFC30D007A0F0E /* DDCollectionViewComponent.h */ = {isa = PBXFileReference; fileEncoding = 4; lastKnownFileType = sourcecode.c.h; path = DDCollectionViewComponent.h; sourceTree = "<group>"; };
		BE6021671EEFC30D007A0F0E /* DDCollectionViewComponent.m */ = {isa = PBXFileReference; fileEncoding = 4; lastKnownFileType = sourcecode.c.objc; path = DDCollectionViewComponent.m; sourceTree = "<group>"; };
		BE6021681EEFC30D007A0F0E /* DDCollectionViewItemComponent.h */ = {isa = PBXFileReference; fileEncoding = 4; lastKnownFileType = sourcecode.c.h; path = DDCollectionViewItemComponent.h; sourceTree = "<group>"; };
		BE6021691EEFC30D007A0F0E /* DDCollectionViewItemComponent.m */ = {isa = PBXFileReference; fileEncoding = 4; lastKnownFileType = sourcecode.c.objc; path = DDCollectionViewItemComponent.m; sourceTree = "<group>"; };
		BE60216A1EEFC30D007A0F0E /* DDCollectionViewSectionComponent.h */ = {isa = PBXFileReference; fileEncoding = 4; lastKnownFileType = sourcecode.c.h; path = DDCollectionViewSectionComponent.h; sourceTree = "<group>"; };
		BE60216C1EEFC30D007A0F0E /* DDCollectionViewSectionGroupComponent.h */ = {isa = PBXFileReference; fileEncoding = 4; lastKnownFileType = sourcecode.c.h; path = DDCollectionViewSectionGroupComponent.h; sourceTree = "<group>"; };
		BE60216E1EEFC30D007A0F0E /* DDCollectionViewStatusComponent.h */ = {isa = PBXFileReference; fileEncoding = 4; lastKnownFileType = sourcecode.c.h; path = DDCollectionViewStatusComponent.h; sourceTree = "<group>"; };
		BE60216F1EEFC30D007A0F0E /* DDCollectionViewStatusComponent.m */ = {isa = PBXFileReference; fileEncoding = 4; lastKnownFileType = sourcecode.c.objc; path = DDCollectionViewStatusComponent.m; sourceTree = "<group>"; };
		BE6021701EEFC30D007A0F0E /* DDComponent.h */ = {isa = PBXFileReference; fileEncoding = 4; lastKnownFileType = sourcecode.c.h; path = DDComponent.h; sourceTree = "<group>"; };
		BE6021901EEFC39B007A0F0E /* DDCollectionBridgeHeader.h */ = {isa = PBXFileReference; lastKnownFileType = sourcecode.c.h; path = DDCollectionBridgeHeader.h; sourceTree = "<group>"; };
		BE6021911EEFC50D007A0F0E /* SimpleViewController.swift */ = {isa = PBXFileReference; fileEncoding = 4; lastKnownFileType = sourcecode.swift; path = SimpleViewController.swift; sourceTree = "<group>"; };
		BE6021951EEFC54A007A0F0E /* StatusViewController.swift */ = {isa = PBXFileReference; fileEncoding = 4; lastKnownFileType = sourcecode.swift; path = StatusViewController.swift; sourceTree = "<group>"; };
		BE6021971EEFC576007A0F0E /* HeaderFooterViewController.swift */ = {isa = PBXFileReference; fileEncoding = 4; lastKnownFileType = sourcecode.swift; path = HeaderFooterViewController.swift; sourceTree = "<group>"; };
		BE6021991EEFC5B1007A0F0E /* SectionsViewController.swift */ = {isa = PBXFileReference; fileEncoding = 4; lastKnownFileType = sourcecode.swift; path = SectionsViewController.swift; sourceTree = "<group>"; };
		BE60219B1EEFC5DB007A0F0E /* HeaderStatusViewController.swift */ = {isa = PBXFileReference; fileEncoding = 4; lastKnownFileType = sourcecode.swift; path = HeaderStatusViewController.swift; sourceTree = "<group>"; };
		BE60219F1EEFC637007A0F0E /* HeaderComponent.swift */ = {isa = PBXFileReference; fileEncoding = 4; lastKnownFileType = sourcecode.swift; path = HeaderComponent.swift; sourceTree = "<group>"; };
		BE6021A31EEFC660007A0F0E /* StatusComponent.swift */ = {isa = PBXFileReference; fileEncoding = 4; lastKnownFileType = sourcecode.swift; path = StatusComponent.swift; sourceTree = "<group>"; };
		BE6021A51EEFC8D7007A0F0E /* RootCollectionViewController.swift */ = {isa = PBXFileReference; fileEncoding = 4; lastKnownFileType = sourcecode.swift; path = RootCollectionViewController.swift; sourceTree = "<group>"; };
		BE6021A81EEFCA97007A0F0E /* TitleCollectionViewCell.swift */ = {isa = PBXFileReference; fileEncoding = 4; lastKnownFileType = sourcecode.swift; path = TitleCollectionViewCell.swift; sourceTree = "<group>"; };
		BE6021AA1EEFD950007A0F0E /* ImageCollectionViewCell.swift */ = {isa = PBXFileReference; fileEncoding = 4; lastKnownFileType = sourcecode.swift; path = ImageCollectionViewCell.swift; sourceTree = "<group>"; };
		BE6021AC1EEFD99D007A0F0E /* TitlesComponent.swift */ = {isa = PBXFileReference; fileEncoding = 4; lastKnownFileType = sourcecode.swift; path = TitlesComponent.swift; sourceTree = "<group>"; };
		BE6021AE1EEFDA30007A0F0E /* ImagesComponent.swift */ = {isa = PBXFileReference; fileEncoding = 4; lastKnownFileType = sourcecode.swift; path = ImagesComponent.swift; sourceTree = "<group>"; };
		BE6021B01EEFDC67007A0F0E /* TextsComponent.swift */ = {isa = PBXFileReference; fileEncoding = 4; lastKnownFileType = sourcecode.swift; path = TextsComponent.swift; sourceTree = "<group>"; };
		BE6021B21EEFEB1E007A0F0E /* TextCollectionReusableView.swift */ = {isa = PBXFileReference; fileEncoding = 4; lastKnownFileType = sourcecode.swift; path = TextCollectionReusableView.swift; sourceTree = "<group>"; };
		BE6021B41EEFEB59007A0F0E /* FooterComponent.swift */ = {isa = PBXFileReference; fileEncoding = 4; lastKnownFileType = sourcecode.swift; path = FooterComponent.swift; sourceTree = "<group>"; };
		BE6021B71EEFFE1F007A0F0E /* TaobaoCollectionViewController.swift */ = {isa = PBXFileReference; fileEncoding = 4; lastKnownFileType = sourcecode.swift; path = TaobaoCollectionViewController.swift; sourceTree = "<group>"; };
		BE6021B91EEFFFDA007A0F0E /* TaobaoBannerComponent.swift */ = {isa = PBXFileReference; fileEncoding = 4; lastKnownFileType = sourcecode.swift; path = TaobaoBannerComponent.swift; sourceTree = "<group>"; };
		BE6021BB1EEFFFE9007A0F0E /* TaobaoEntriesComponent.swift */ = {isa = PBXFileReference; fileEncoding = 4; lastKnownFileType = sourcecode.swift; path = TaobaoEntriesComponent.swift; sourceTree = "<group>"; };
		BE6021BD1EEFFFFE007A0F0E /* TaobaoGoodsComponent.swift */ = {isa = PBXFileReference; fileEncoding = 4; lastKnownFileType = sourcecode.swift; path = TaobaoGoodsComponent.swift; sourceTree = "<group>"; };
		BE6021BF1EF00029007A0F0E /* TaobaoBanner.xib */ = {isa = PBXFileReference; fileEncoding = 4; lastKnownFileType = file.xib; path = TaobaoBanner.xib; sourceTree = "<group>"; };
		BE777A0D2109639700727B69 /* ObjcImagesComponent.h */ = {isa = PBXFileReference; lastKnownFileType = sourcecode.c.h; path = ObjcImagesComponent.h; sourceTree = "<group>"; };
		BE777A0E2109639700727B69 /* ObjcImagesComponent.m */ = {isa = PBXFileReference; lastKnownFileType = sourcecode.c.objc; path = ObjcImagesComponent.m; sourceTree = "<group>"; };
		BE777A102109645F00727B69 /* ObjcImageCollectionViewCell.h */ = {isa = PBXFileReference; lastKnownFileType = sourcecode.c.h; path = ObjcImageCollectionViewCell.h; sourceTree = "<group>"; };
		BE777A112109645F00727B69 /* ObjcImageCollectionViewCell.m */ = {isa = PBXFileReference; lastKnownFileType = sourcecode.c.objc; path = ObjcImageCollectionViewCell.m; sourceTree = "<group>"; };
		BE94B1811F0C7DD00032B713 /* DDCollectionComponent.h */ = {isa = PBXFileReference; fileEncoding = 4; lastKnownFileType = sourcecode.c.h; path = DDCollectionComponent.h; sourceTree = "<group>"; };
		BE94B1831F0C7DDA0032B713 /* DDCollectionViewComponent+Cache.h */ = {isa = PBXFileReference; fileEncoding = 4; lastKnownFileType = sourcecode.c.h; path = "DDCollectionViewComponent+Cache.h"; sourceTree = "<group>"; };
		BE94B1851F0C7DE30032B713 /* DDCollectionViewSectionComponent.mm */ = {isa = PBXFileReference; fileEncoding = 4; lastKnownFileType = sourcecode.cpp.objcpp; path = DDCollectionViewSectionComponent.mm; sourceTree = "<group>"; };
		BE94B1871F0C7DE90032B713 /* DDCollectionViewSectionGroupComponent.mm */ = {isa = PBXFileReference; fileEncoding = 4; lastKnownFileType = sourcecode.cpp.objcpp; path = DDCollectionViewSectionGroupComponent.mm; sourceTree = "<group>"; };
		BE9B13FA1EF0FDFA009356BF /* TaobaoGoods0.xib */ = {isa = PBXFileReference; fileEncoding = 4; lastKnownFileType = file.xib; path = TaobaoGoods0.xib; sourceTree = "<group>"; };
		BE9B13FB1EF0FDFA009356BF /* TaobaoGoods1.xib */ = {isa = PBXFileReference; fileEncoding = 4; lastKnownFileType = file.xib; path = TaobaoGoods1.xib; sourceTree = "<group>"; };
		BE9B13FC1EF0FDFA009356BF /* TaobaoGoods2.xib */ = {isa = PBXFileReference; fileEncoding = 4; lastKnownFileType = file.xib; path = TaobaoGoods2.xib; sourceTree = "<group>"; };
		BE9B13FD1EF0FDFA009356BF /* TaobaoGoods3.xib */ = {isa = PBXFileReference; fileEncoding = 4; lastKnownFileType = file.xib; path = TaobaoGoods3.xib; sourceTree = "<group>"; };
/* End PBXFileReference section */

/* Begin PBXFrameworksBuildPhase section */
		657016D81D97A8E90096EC69 /* Frameworks */ = {
			isa = PBXFrameworksBuildPhase;
			buildActionMask = 2147483647;
			files = (
			);
			runOnlyForDeploymentPostprocessing = 0;
		};
		65C999211D68AF5D0019780A /* Frameworks */ = {
			isa = PBXFrameworksBuildPhase;
			buildActionMask = 2147483647;
			files = (
				657016E31D97A8EA0096EC69 /* DDComponent.framework in Frameworks */,
			);
			runOnlyForDeploymentPostprocessing = 0;
		};
/* End PBXFrameworksBuildPhase section */

/* Begin PBXGroup section */
		6501EAFF219F0B06001D4038 /* ClassesTable */ = {
			isa = PBXGroup;
			children = (
				6501EB2621A00F1F001D4038 /* DDTableViewComponent.h */,
				6595F9B321A062D3005FD773 /* DDTableViewComponentInternal.h */,
				6501EB05219F0B06001D4038 /* DDTableViewComponentCache.h */,
				6501EB12219F1876001D4038 /* DDTableViewComponentMacros.h */,
				6501EB0C219F0B06001D4038 /* DDTableViewComponentProtocol.h */,
				BE52E71221A137F500A5E969 /* DDTableViewBaseComponent.h */,
				BE52E71321A137F500A5E969 /* DDTableViewBaseComponent.mm */,
				6501EB06219F0B06001D4038 /* DDTableViewCompositeComponentProtocol.h */,
				6501EB09219F0B06001D4038 /* DDTableViewItemComponent.h */,
				6501EB03219F0B06001D4038 /* DDTableViewItemComponent.m */,
				6501EB00219F0B06001D4038 /* DDTableViewResponds.h */,
				6501EB04219F0B06001D4038 /* DDTableViewRootComponent.h */,
				6501EB0B219F0B06001D4038 /* DDTableViewRootComponent.mm */,
				6501EB01219F0B06001D4038 /* DDTableViewSectionComponent.h */,
				6501EB08219F0B06001D4038 /* DDTableViewSectionComponent.mm */,
				6501EB0A219F0B06001D4038 /* DDTableViewSectionGroupComponent.h */,
				6501EB02219F0B06001D4038 /* DDTableViewSectionGroupComponent.mm */,
				6595F9B021A05CFB005FD773 /* DDTableViewStatusComponent.h */,
				6595F9B121A05CFB005FD773 /* DDTableViewStatusComponent.mm */,
				BE2B18EB21A2527600D07673 /* DDTableViewComponentHelper.h */,
				BE2B18EC21A2527600D07673 /* DDTableViewComponentHelper.m */,
			);
			path = ClassesTable;
			sourceTree = "<group>";
		};
		6501EB1321A00D51001D4038 /* TableDemo */ = {
			isa = PBXGroup;
			children = (
				6501EB1C21A00DB2001D4038 /* Component */,
				6501EB1B21A00DA9001D4038 /* Cell */,
				6501EB1A21A00D9E001D4038 /* Custom */,
				6501EB1421A00D81001D4038 /* DDTableComponentDemoViewController.h */,
				6501EB1521A00D81001D4038 /* DDTableComponentDemoViewController.m */,
			);
			path = TableDemo;
			sourceTree = "<group>";
		};
		6501EB1A21A00D9E001D4038 /* Custom */ = {
			isa = PBXGroup;
			children = (
				6501EB1721A00D9A001D4038 /* DDTableComponentCustomViewController.h */,
				6501EB1821A00D9A001D4038 /* DDTableComponentCustomViewController.m */,
			);
			path = Custom;
			sourceTree = "<group>";
		};
		6501EB1B21A00DA9001D4038 /* Cell */ = {
			isa = PBXGroup;
			children = (
				6501EB2021A00DF2001D4038 /* DDComponentDemoTableViewCell.h */,
				6501EB2121A00DF2001D4038 /* DDComponentDemoTableViewCell.m */,
				6501EB2721A04AC5001D4038 /* DDHeaderFooterView.h */,
				6501EB2821A04AC5001D4038 /* DDHeaderFooterView.m */,
			);
			path = Cell;
			sourceTree = "<group>";
		};
		6501EB1C21A00DB2001D4038 /* Component */ = {
			isa = PBXGroup;
			children = (
				6501EB1D21A00DD7001D4038 /* DDTableViewItemDemoComponent.h */,
				6501EB1E21A00DD7001D4038 /* DDTableViewItemDemoComponent.m */,
				6501EB2321A00E23001D4038 /* DDTableViewHeaderFooterSectionDemoComponent.h */,
				6501EB2421A00E23001D4038 /* DDTableViewHeaderFooterSectionDemoComponent.m */,
				BE2B18EE21A2892D00D07673 /* DDTableViewHeaderDemoComponent.h */,
				BE2B18EF21A2892D00D07673 /* DDTableViewHeaderDemoComponent.m */,
				BE2B18F121A2893A00D07673 /* DDTableViewFooterDemoComponent.h */,
				BE2B18F221A2893A00D07673 /* DDTableViewFooterDemoComponent.m */,
			);
			path = Component;
			sourceTree = "<group>";
		};
		657016DD1D97A8EA0096EC69 /* DDComponent */ = {
			isa = PBXGroup;
			children = (
				657016DE1D97A8EA0096EC69 /* DDComponent.h */,
				657016DF1D97A8EA0096EC69 /* Info.plist */,
			);
			path = DDComponent;
			sourceTree = "<group>";
		};
		65C9991B1D68AF5D0019780A = {
			isa = PBXGroup;
			children = (
				6501EB1321A00D51001D4038 /* TableDemo */,
				6501EAFF219F0B06001D4038 /* ClassesTable */,
				65C999391D68AF740019780A /* Class */,
				BE777A132109655A00727B69 /* ObjcComponent */,
				65C999261D68AF5D0019780A /* Component */,
				657016DD1D97A8EA0096EC69 /* DDComponent */,
				65C999251D68AF5D0019780A /* Products */,
			);
			sourceTree = "<group>";
		};
		65C999251D68AF5D0019780A /* Products */ = {
			isa = PBXGroup;
			children = (
				65C999241D68AF5D0019780A /* Component.app */,
				657016DC1D97A8E90096EC69 /* DDComponent.framework */,
			);
			name = Products;
			sourceTree = "<group>";
		};
		65C999261D68AF5D0019780A /* Component */ = {
			isa = PBXGroup;
			children = (
				BE6021B61EEFFE07007A0F0E /* TaoBao */,
				BE6021A71EEFCA81007A0F0E /* Cells */,
				BE60219E1EEFC614007A0F0E /* Components */,
				BE60219D1EEFC5FE007A0F0E /* Controllers */,
				65C999271D68AF5D0019780A /* AppDelegate.swift */,
				BE6021A51EEFC8D7007A0F0E /* RootCollectionViewController.swift */,
				65C9992B1D68AF5D0019780A /* Main.storyboard */,
				65C9992E1D68AF5D0019780A /* Assets.xcassets */,
				65C999301D68AF5E0019780A /* LaunchScreen.storyboard */,
				65C999331D68AF5E0019780A /* Info.plist */,
				BE6021901EEFC39B007A0F0E /* DDCollectionBridgeHeader.h */,
			);
			path = Component;
			sourceTree = "<group>";
		};
		65C999391D68AF740019780A /* Class */ = {
			isa = PBXGroup;
			children = (
				BE6021631EEFC30D007A0F0E /* oc */,
			);
			path = Class;
			sourceTree = "<group>";
		};
		BE6021631EEFC30D007A0F0E /* oc */ = {
			isa = PBXGroup;
			children = (
				BE6021641EEFC30D007A0F0E /* Collection */,
				BE6021701EEFC30D007A0F0E /* DDComponent.h */,
			);
			path = oc;
			sourceTree = "<group>";
		};
		BE6021641EEFC30D007A0F0E /* Collection */ = {
			isa = PBXGroup;
			children = (
				BE94B1811F0C7DD00032B713 /* DDCollectionComponent.h */,
				BE94B1831F0C7DDA0032B713 /* DDCollectionViewComponent+Cache.h */,
				BE6021651EEFC30D007A0F0E /* DDCollectionViewComponent+Private.h */,
				BE6021661EEFC30D007A0F0E /* DDCollectionViewComponent.h */,
				BE6021671EEFC30D007A0F0E /* DDCollectionViewComponent.m */,
				BE6021681EEFC30D007A0F0E /* DDCollectionViewItemComponent.h */,
				BE6021691EEFC30D007A0F0E /* DDCollectionViewItemComponent.m */,
				BE60216A1EEFC30D007A0F0E /* DDCollectionViewSectionComponent.h */,
				BE94B1851F0C7DE30032B713 /* DDCollectionViewSectionComponent.mm */,
				BE60216C1EEFC30D007A0F0E /* DDCollectionViewSectionGroupComponent.h */,
				BE94B1871F0C7DE90032B713 /* DDCollectionViewSectionGroupComponent.mm */,
				BE60216E1EEFC30D007A0F0E /* DDCollectionViewStatusComponent.h */,
				BE60216F1EEFC30D007A0F0E /* DDCollectionViewStatusComponent.m */,
			);
			path = Collection;
			sourceTree = "<group>";
		};
		BE60219D1EEFC5FE007A0F0E /* Controllers */ = {
			isa = PBXGroup;
			children = (
				BE6021911EEFC50D007A0F0E /* SimpleViewController.swift */,
				BE6021991EEFC5B1007A0F0E /* SectionsViewController.swift */,
				BE6021951EEFC54A007A0F0E /* StatusViewController.swift */,
				BE60219B1EEFC5DB007A0F0E /* HeaderStatusViewController.swift */,
				BE6021971EEFC576007A0F0E /* HeaderFooterViewController.swift */,
			);
			name = Controllers;
			sourceTree = "<group>";
		};
		BE60219E1EEFC614007A0F0E /* Components */ = {
			isa = PBXGroup;
			children = (
				BE60219F1EEFC637007A0F0E /* HeaderComponent.swift */,
				BE6021B41EEFEB59007A0F0E /* FooterComponent.swift */,
				BE6021A31EEFC660007A0F0E /* StatusComponent.swift */,
				BE6021AC1EEFD99D007A0F0E /* TitlesComponent.swift */,
				BE6021B01EEFDC67007A0F0E /* TextsComponent.swift */,
				BE6021AE1EEFDA30007A0F0E /* ImagesComponent.swift */,
			);
			name = Components;
			sourceTree = "<group>";
		};
		BE6021A71EEFCA81007A0F0E /* Cells */ = {
			isa = PBXGroup;
			children = (
				BE6021A81EEFCA97007A0F0E /* TitleCollectionViewCell.swift */,
				BE6021AA1EEFD950007A0F0E /* ImageCollectionViewCell.swift */,
				BE6021B21EEFEB1E007A0F0E /* TextCollectionReusableView.swift */,
			);
			name = Cells;
			sourceTree = "<group>";
		};
		BE6021B61EEFFE07007A0F0E /* TaoBao */ = {
			isa = PBXGroup;
			children = (
				BE6021B71EEFFE1F007A0F0E /* TaobaoCollectionViewController.swift */,
				BE6021B91EEFFFDA007A0F0E /* TaobaoBannerComponent.swift */,
				BE6021BF1EF00029007A0F0E /* TaobaoBanner.xib */,
				BE6021BB1EEFFFE9007A0F0E /* TaobaoEntriesComponent.swift */,
				BE6021BD1EEFFFFE007A0F0E /* TaobaoGoodsComponent.swift */,
				BE9B13FA1EF0FDFA009356BF /* TaobaoGoods0.xib */,
				BE9B13FB1EF0FDFA009356BF /* TaobaoGoods1.xib */,
				BE9B13FC1EF0FDFA009356BF /* TaobaoGoods2.xib */,
				BE9B13FD1EF0FDFA009356BF /* TaobaoGoods3.xib */,
			);
			name = TaoBao;
			sourceTree = "<group>";
		};
		BE777A132109655A00727B69 /* ObjcComponent */ = {
			isa = PBXGroup;
			children = (
				BE777A102109645F00727B69 /* ObjcImageCollectionViewCell.h */,
				BE777A112109645F00727B69 /* ObjcImageCollectionViewCell.m */,
				BE777A0D2109639700727B69 /* ObjcImagesComponent.h */,
				BE777A0E2109639700727B69 /* ObjcImagesComponent.m */,
			);
			name = ObjcComponent;
			path = Component;
			sourceTree = "<group>";
		};
/* End PBXGroup section */

/* Begin PBXHeadersBuildPhase section */
		657016D91D97A8E90096EC69 /* Headers */ = {
			isa = PBXHeadersBuildPhase;
			buildActionMask = 2147483647;
			files = (
				BE60217C1EEFC30D007A0F0E /* DDCollectionViewComponent.h in Headers */,
				BE60217E1EEFC30D007A0F0E /* DDCollectionViewItemComponent.h in Headers */,
				BE6021841EEFC30D007A0F0E /* DDCollectionViewStatusComponent.h in Headers */,
				BE94B1821F0C7DD00032B713 /* DDCollectionComponent.h in Headers */,
				BE94B1841F0C7DDA0032B713 /* DDCollectionViewComponent+Cache.h in Headers */,
				BE6021821EEFC30D007A0F0E /* DDCollectionViewSectionGroupComponent.h in Headers */,
				BE6021801EEFC30D007A0F0E /* DDCollectionViewSectionComponent.h in Headers */,
				BE6021861EEFC30D007A0F0E /* DDComponent.h in Headers */,
			);
			runOnlyForDeploymentPostprocessing = 0;
		};
/* End PBXHeadersBuildPhase section */

/* Begin PBXNativeTarget section */
		657016DB1D97A8E90096EC69 /* DDComponent */ = {
			isa = PBXNativeTarget;
			buildConfigurationList = 657016E71D97A8EA0096EC69 /* Build configuration list for PBXNativeTarget "DDComponent" */;
			buildPhases = (
				657016D71D97A8E90096EC69 /* Sources */,
				657016D81D97A8E90096EC69 /* Frameworks */,
				657016D91D97A8E90096EC69 /* Headers */,
				657016DA1D97A8E90096EC69 /* Resources */,
			);
			buildRules = (
			);
			dependencies = (
			);
			name = DDComponent;
			productName = DDComponent;
			productReference = 657016DC1D97A8E90096EC69 /* DDComponent.framework */;
			productType = "com.apple.product-type.framework";
		};
		65C999231D68AF5D0019780A /* Component */ = {
			isa = PBXNativeTarget;
			buildConfigurationList = 65C999361D68AF5E0019780A /* Build configuration list for PBXNativeTarget "Component" */;
			buildPhases = (
				65C999201D68AF5D0019780A /* Sources */,
				65C999211D68AF5D0019780A /* Frameworks */,
				65C999221D68AF5D0019780A /* Resources */,
				657016E81D97A8EA0096EC69 /* Embed Frameworks */,
			);
			buildRules = (
			);
			dependencies = (
				657016E21D97A8EA0096EC69 /* PBXTargetDependency */,
			);
			name = Component;
			productName = Component;
			productReference = 65C999241D68AF5D0019780A /* Component.app */;
			productType = "com.apple.product-type.application";
		};
/* End PBXNativeTarget section */

/* Begin PBXProject section */
		65C9991C1D68AF5D0019780A /* Project object */ = {
			isa = PBXProject;
			attributes = {
				LastSwiftUpdateCheck = 0730;
				LastUpgradeCheck = 0730;
				ORGANIZATIONNAME = Daniel;
				TargetAttributes = {
					657016DB1D97A8E90096EC69 = {
						CreatedOnToolsVersion = 8.0;
						ProvisioningStyle = Automatic;
					};
					65C999231D68AF5D0019780A = {
						CreatedOnToolsVersion = 7.3.1;
						DevelopmentTeam = PA529D52F3;
						LastSwiftMigration = 0800;
					};
				};
			};
			buildConfigurationList = 65C9991F1D68AF5D0019780A /* Build configuration list for PBXProject "Component" */;
			compatibilityVersion = "Xcode 3.2";
			developmentRegion = English;
			hasScannedForEncodings = 0;
			knownRegions = (
				en,
				Base,
			);
			mainGroup = 65C9991B1D68AF5D0019780A;
			productRefGroup = 65C999251D68AF5D0019780A /* Products */;
			projectDirPath = "";
			projectRoot = "";
			targets = (
				65C999231D68AF5D0019780A /* Component */,
				657016DB1D97A8E90096EC69 /* DDComponent */,
			);
		};
/* End PBXProject section */

/* Begin PBXResourcesBuildPhase section */
		657016DA1D97A8E90096EC69 /* Resources */ = {
			isa = PBXResourcesBuildPhase;
			buildActionMask = 2147483647;
			files = (
			);
			runOnlyForDeploymentPostprocessing = 0;
		};
		65C999221D68AF5D0019780A /* Resources */ = {
			isa = PBXResourcesBuildPhase;
			buildActionMask = 2147483647;
			files = (
				BE9B13FF1EF0FDFA009356BF /* TaobaoGoods1.xib in Resources */,
				65C999321D68AF5E0019780A /* LaunchScreen.storyboard in Resources */,
				BE9B14011EF0FDFA009356BF /* TaobaoGoods3.xib in Resources */,
				BE6021C01EF00029007A0F0E /* TaobaoBanner.xib in Resources */,
				BE9B13FE1EF0FDFA009356BF /* TaobaoGoods0.xib in Resources */,
				BE9B14001EF0FDFA009356BF /* TaobaoGoods2.xib in Resources */,
				65C9992F1D68AF5D0019780A /* Assets.xcassets in Resources */,
				65C9992D1D68AF5D0019780A /* Main.storyboard in Resources */,
			);
			runOnlyForDeploymentPostprocessing = 0;
		};
/* End PBXResourcesBuildPhase section */

/* Begin PBXSourcesBuildPhase section */
		657016D71D97A8E90096EC69 /* Sources */ = {
			isa = PBXSourcesBuildPhase;
			buildActionMask = 2147483647;
			files = (
				BE60217D1EEFC30D007A0F0E /* DDCollectionViewComponent.m in Sources */,
				BE94B1861F0C7DE30032B713 /* DDCollectionViewSectionComponent.mm in Sources */,
				BE6021851EEFC30D007A0F0E /* DDCollectionViewStatusComponent.m in Sources */,
				BE60217F1EEFC30D007A0F0E /* DDCollectionViewItemComponent.m in Sources */,
				BE94B1881F0C7DE90032B713 /* DDCollectionViewSectionGroupComponent.mm in Sources */,
			);
			runOnlyForDeploymentPostprocessing = 0;
		};
		65C999201D68AF5D0019780A /* Sources */ = {
			isa = PBXSourcesBuildPhase;
			buildActionMask = 2147483647;
			files = (
				6501EB0D219F0B07001D4038 /* DDTableViewSectionGroupComponent.mm in Sources */,
				BE6021A61EEFC8D7007A0F0E /* RootCollectionViewController.swift in Sources */,
				BE6021A91EEFCA97007A0F0E /* TitleCollectionViewCell.swift in Sources */,
				BE6021A41EEFC660007A0F0E /* StatusComponent.swift in Sources */,
				BE52E71421A137F500A5E969 /* DDTableViewBaseComponent.mm in Sources */,
				BE6021BA1EEFFFDA007A0F0E /* TaobaoBannerComponent.swift in Sources */,
				6501EB2521A00E23001D4038 /* DDTableViewHeaderFooterSectionDemoComponent.m in Sources */,
				BE6021AD1EEFD99D007A0F0E /* TitlesComponent.swift in Sources */,
				BE6021B81EEFFE1F007A0F0E /* TaobaoCollectionViewController.swift in Sources */,
				BE6021B51EEFEB59007A0F0E /* FooterComponent.swift in Sources */,
				BE6021981EEFC576007A0F0E /* HeaderFooterViewController.swift in Sources */,
				BE2B18ED21A2527600D07673 /* DDTableViewComponentHelper.m in Sources */,
				6501EB2921A04AC5001D4038 /* DDHeaderFooterView.m in Sources */,
				6501EB1621A00D81001D4038 /* DDTableComponentDemoViewController.m in Sources */,
				BE777A122109645F00727B69 /* ObjcImageCollectionViewCell.m in Sources */,
				6501EB1F21A00DD7001D4038 /* DDTableViewItemDemoComponent.m in Sources */,
				6501EB2221A00DF2001D4038 /* DDComponentDemoTableViewCell.m in Sources */,
				6501EB10219F0B07001D4038 /* DDTableViewSectionComponent.mm in Sources */,
				BE2B18F321A2893A00D07673 /* DDTableViewFooterDemoComponent.m in Sources */,
				BE2B18F021A2892D00D07673 /* DDTableViewHeaderDemoComponent.m in Sources */,
				65C999281D68AF5D0019780A /* AppDelegate.swift in Sources */,
				BE6021B31EEFEB1E007A0F0E /* TextCollectionReusableView.swift in Sources */,
				6501EB1921A00D9A001D4038 /* DDTableComponentCustomViewController.m in Sources */,
				BE777A0F2109639700727B69 /* ObjcImagesComponent.m in Sources */,
				BE6021921EEFC50D007A0F0E /* SimpleViewController.swift in Sources */,
				BE6021AF1EEFDA30007A0F0E /* ImagesComponent.swift in Sources */,
				BE6021961EEFC54A007A0F0E /* StatusViewController.swift in Sources */,
				6595F9B221A05CFB005FD773 /* DDTableViewStatusComponent.mm in Sources */,
				BE6021AB1EEFD950007A0F0E /* ImageCollectionViewCell.swift in Sources */,
				BE6021BE1EEFFFFE007A0F0E /* TaobaoGoodsComponent.swift in Sources */,
				BE6021A01EEFC637007A0F0E /* HeaderComponent.swift in Sources */,
				6501EB11219F0B07001D4038 /* DDTableViewRootComponent.mm in Sources */,
				BE6021B11EEFDC67007A0F0E /* TextsComponent.swift in Sources */,
				BE60219C1EEFC5DB007A0F0E /* HeaderStatusViewController.swift in Sources */,
				6501EB0E219F0B07001D4038 /* DDTableViewItemComponent.m in Sources */,
				BE60219A1EEFC5B1007A0F0E /* SectionsViewController.swift in Sources */,
				BE6021BC1EEFFFE9007A0F0E /* TaobaoEntriesComponent.swift in Sources */,
			);
			runOnlyForDeploymentPostprocessing = 0;
		};
/* End PBXSourcesBuildPhase section */

/* Begin PBXTargetDependency section */
		657016E21D97A8EA0096EC69 /* PBXTargetDependency */ = {
			isa = PBXTargetDependency;
			target = 657016DB1D97A8E90096EC69 /* DDComponent */;
			targetProxy = 657016E11D97A8EA0096EC69 /* PBXContainerItemProxy */;
		};
/* End PBXTargetDependency section */

/* Begin PBXVariantGroup section */
		65C9992B1D68AF5D0019780A /* Main.storyboard */ = {
			isa = PBXVariantGroup;
			children = (
				65C9992C1D68AF5D0019780A /* Base */,
			);
			name = Main.storyboard;
			sourceTree = "<group>";
		};
		65C999301D68AF5E0019780A /* LaunchScreen.storyboard */ = {
			isa = PBXVariantGroup;
			children = (
				65C999311D68AF5E0019780A /* Base */,
			);
			name = LaunchScreen.storyboard;
			sourceTree = "<group>";
		};
/* End PBXVariantGroup section */

/* Begin XCBuildConfiguration section */
		657016E51D97A8EA0096EC69 /* Debug */ = {
			isa = XCBuildConfiguration;
			buildSettings = {
				CLANG_WARN_DOCUMENTATION_COMMENTS = YES;
				CLANG_WARN_INFINITE_RECURSION = YES;
				CLANG_WARN_SUSPICIOUS_MOVES = YES;
				CODE_SIGN_IDENTITY = "";
				CURRENT_PROJECT_VERSION = 1;
				DEFINES_MODULE = YES;
				DYLIB_COMPATIBILITY_VERSION = 1;
				DYLIB_CURRENT_VERSION = 1;
				DYLIB_INSTALL_NAME_BASE = "@rpath";
				INFOPLIST_FILE = DDComponent/Info.plist;
				INSTALL_PATH = "$(LOCAL_LIBRARY_DIR)/Frameworks";
				IPHONEOS_DEPLOYMENT_TARGET = 10.0;
				LD_RUNPATH_SEARCH_PATHS = "$(inherited) @executable_path/Frameworks @loader_path/Frameworks";
				PRODUCT_BUNDLE_IDENTIFIER = com.djs66256.DDComponent;
				PRODUCT_NAME = "$(TARGET_NAME)";
				SKIP_INSTALL = YES;
				SWIFT_ACTIVE_COMPILATION_CONDITIONS = DEBUG;
				SWIFT_VERSION = 3.0;
				TARGETED_DEVICE_FAMILY = "1,2";
				VERSIONING_SYSTEM = "apple-generic";
				VERSION_INFO_PREFIX = "";
			};
			name = Debug;
		};
		657016E61D97A8EA0096EC69 /* Release */ = {
			isa = XCBuildConfiguration;
			buildSettings = {
				CLANG_WARN_DOCUMENTATION_COMMENTS = YES;
				CLANG_WARN_INFINITE_RECURSION = YES;
				CLANG_WARN_SUSPICIOUS_MOVES = YES;
				CODE_SIGN_IDENTITY = "";
				CURRENT_PROJECT_VERSION = 1;
				DEFINES_MODULE = YES;
				DYLIB_COMPATIBILITY_VERSION = 1;
				DYLIB_CURRENT_VERSION = 1;
				DYLIB_INSTALL_NAME_BASE = "@rpath";
				INFOPLIST_FILE = DDComponent/Info.plist;
				INSTALL_PATH = "$(LOCAL_LIBRARY_DIR)/Frameworks";
				IPHONEOS_DEPLOYMENT_TARGET = 10.0;
				LD_RUNPATH_SEARCH_PATHS = "$(inherited) @executable_path/Frameworks @loader_path/Frameworks";
				PRODUCT_BUNDLE_IDENTIFIER = com.djs66256.DDComponent;
				PRODUCT_NAME = "$(TARGET_NAME)";
				SKIP_INSTALL = YES;
				SWIFT_OPTIMIZATION_LEVEL = "-Owholemodule";
				SWIFT_VERSION = 3.0;
				TARGETED_DEVICE_FAMILY = "1,2";
				VERSIONING_SYSTEM = "apple-generic";
				VERSION_INFO_PREFIX = "";
			};
			name = Release;
		};
		65C999341D68AF5E0019780A /* Debug */ = {
			isa = XCBuildConfiguration;
			buildSettings = {
				ALWAYS_SEARCH_USER_PATHS = NO;
				CLANG_ANALYZER_NONNULL = YES;
				CLANG_CXX_LANGUAGE_STANDARD = "gnu++0x";
				CLANG_CXX_LIBRARY = "libc++";
				CLANG_ENABLE_MODULES = YES;
				CLANG_ENABLE_OBJC_ARC = YES;
				CLANG_WARN_BOOL_CONVERSION = YES;
				CLANG_WARN_CONSTANT_CONVERSION = YES;
				CLANG_WARN_DIRECT_OBJC_ISA_USAGE = YES_ERROR;
				CLANG_WARN_EMPTY_BODY = YES;
				CLANG_WARN_ENUM_CONVERSION = YES;
				CLANG_WARN_INT_CONVERSION = YES;
				CLANG_WARN_OBJC_ROOT_CLASS = YES_ERROR;
				CLANG_WARN_UNREACHABLE_CODE = YES;
				CLANG_WARN__DUPLICATE_METHOD_MATCH = YES;
				"CODE_SIGN_IDENTITY[sdk=iphoneos*]" = "iPhone Developer";
				COPY_PHASE_STRIP = NO;
				DEBUG_INFORMATION_FORMAT = dwarf;
				ENABLE_STRICT_OBJC_MSGSEND = YES;
				ENABLE_TESTABILITY = YES;
				GCC_C_LANGUAGE_STANDARD = gnu99;
				GCC_DYNAMIC_NO_PIC = NO;
				GCC_NO_COMMON_BLOCKS = YES;
				GCC_OPTIMIZATION_LEVEL = 0;
				GCC_PREPROCESSOR_DEFINITIONS = (
					"DEBUG=1",
					"$(inherited)",
				);
				GCC_WARN_64_TO_32_BIT_CONVERSION = YES;
				GCC_WARN_ABOUT_RETURN_TYPE = YES_ERROR;
				GCC_WARN_UNDECLARED_SELECTOR = YES;
				GCC_WARN_UNINITIALIZED_AUTOS = YES_AGGRESSIVE;
				GCC_WARN_UNUSED_FUNCTION = YES;
				GCC_WARN_UNUSED_VARIABLE = YES;
				IPHONEOS_DEPLOYMENT_TARGET = 9.3;
				MTL_ENABLE_DEBUG_INFO = YES;
				ONLY_ACTIVE_ARCH = YES;
				SDKROOT = iphoneos;
				SWIFT_OPTIMIZATION_LEVEL = "-Onone";
			};
			name = Debug;
		};
		65C999351D68AF5E0019780A /* Release */ = {
			isa = XCBuildConfiguration;
			buildSettings = {
				ALWAYS_SEARCH_USER_PATHS = NO;
				CLANG_ANALYZER_NONNULL = YES;
				CLANG_CXX_LANGUAGE_STANDARD = "gnu++0x";
				CLANG_CXX_LIBRARY = "libc++";
				CLANG_ENABLE_MODULES = YES;
				CLANG_ENABLE_OBJC_ARC = YES;
				CLANG_WARN_BOOL_CONVERSION = YES;
				CLANG_WARN_CONSTANT_CONVERSION = YES;
				CLANG_WARN_DIRECT_OBJC_ISA_USAGE = YES_ERROR;
				CLANG_WARN_EMPTY_BODY = YES;
				CLANG_WARN_ENUM_CONVERSION = YES;
				CLANG_WARN_INT_CONVERSION = YES;
				CLANG_WARN_OBJC_ROOT_CLASS = YES_ERROR;
				CLANG_WARN_UNREACHABLE_CODE = YES;
				CLANG_WARN__DUPLICATE_METHOD_MATCH = YES;
				"CODE_SIGN_IDENTITY[sdk=iphoneos*]" = "iPhone Developer";
				COPY_PHASE_STRIP = NO;
				DEBUG_INFORMATION_FORMAT = "dwarf-with-dsym";
				ENABLE_NS_ASSERTIONS = NO;
				ENABLE_STRICT_OBJC_MSGSEND = YES;
				GCC_C_LANGUAGE_STANDARD = gnu99;
				GCC_NO_COMMON_BLOCKS = YES;
				GCC_WARN_64_TO_32_BIT_CONVERSION = YES;
				GCC_WARN_ABOUT_RETURN_TYPE = YES_ERROR;
				GCC_WARN_UNDECLARED_SELECTOR = YES;
				GCC_WARN_UNINITIALIZED_AUTOS = YES_AGGRESSIVE;
				GCC_WARN_UNUSED_FUNCTION = YES;
				GCC_WARN_UNUSED_VARIABLE = YES;
				IPHONEOS_DEPLOYMENT_TARGET = 9.3;
				MTL_ENABLE_DEBUG_INFO = NO;
				SDKROOT = iphoneos;
				VALIDATE_PRODUCT = YES;
			};
			name = Release;
		};
		65C999371D68AF5E0019780A /* Debug */ = {
			isa = XCBuildConfiguration;
			buildSettings = {
				ASSETCATALOG_COMPILER_APPICON_NAME = AppIcon;
				CLANG_CXX_LANGUAGE_STANDARD = "c++14";
				INFOPLIST_FILE = Component/Info.plist;
				LD_RUNPATH_SEARCH_PATHS = "$(inherited) @executable_path/Frameworks";
				PRODUCT_BUNDLE_IDENTIFIER = com.djs66256.Component;
				PRODUCT_NAME = "$(TARGET_NAME)";
				SWIFT_OBJC_BRIDGING_HEADER = Component/DDCollectionBridgeHeader.h;
				SWIFT_VERSION = 3.0;
			};
			name = Debug;
		};
		65C999381D68AF5E0019780A /* Release */ = {
			isa = XCBuildConfiguration;
			buildSettings = {
				ASSETCATALOG_COMPILER_APPICON_NAME = AppIcon;
				CLANG_CXX_LANGUAGE_STANDARD = "c++14";
				INFOPLIST_FILE = Component/Info.plist;
				LD_RUNPATH_SEARCH_PATHS = "$(inherited) @executable_path/Frameworks";
				PRODUCT_BUNDLE_IDENTIFIER = com.djs66256.Component;
				PRODUCT_NAME = "$(TARGET_NAME)";
				SWIFT_OBJC_BRIDGING_HEADER = Component/DDCollectionBridgeHeader.h;
				SWIFT_VERSION = 3.0;
			};
			name = Release;
		};
/* End XCBuildConfiguration section */

/* Begin XCConfigurationList section */
		657016E71D97A8EA0096EC69 /* Build configuration list for PBXNativeTarget "DDComponent" */ = {
			isa = XCConfigurationList;
			buildConfigurations = (
				657016E51D97A8EA0096EC69 /* Debug */,
				657016E61D97A8EA0096EC69 /* Release */,
			);
			defaultConfigurationIsVisible = 0;
			defaultConfigurationName = Release;
		};
		65C9991F1D68AF5D0019780A /* Build configuration list for PBXProject "Component" */ = {
			isa = XCConfigurationList;
			buildConfigurations = (
				65C999341D68AF5E0019780A /* Debug */,
				65C999351D68AF5E0019780A /* Release */,
			);
			defaultConfigurationIsVisible = 0;
			defaultConfigurationName = Release;
		};
		65C999361D68AF5E0019780A /* Build configuration list for PBXNativeTarget "Component" */ = {
			isa = XCConfigurationList;
			buildConfigurations = (
				65C999371D68AF5E0019780A /* Debug */,
				65C999381D68AF5E0019780A /* Release */,
			);
			defaultConfigurationIsVisible = 0;
			defaultConfigurationName = Release;
		};
/* End XCConfigurationList section */
	};
	rootObject = 65C9991C1D68AF5D0019780A /* Project object */;
}
